
Microsoft Visual Studio Solution File, Format Version 12.00
# Visual Studio Version 16
VisualStudioVersion = 16.0.30204.135
MinimumVisualStudioVersion = 10.0.40219.1
Project("{FAE04EC0-301F-11D3-BF4B-00C04F79EFBC}") = "GamePicture", "GamePicture\GamePicture.csproj", "{AE917B55-0666-431C-8F19-F7158AFD5C73}"
EndProject
Project("{FAE04EC0-301F-11D3-BF4B-00C04F79EFBC}") = "VectorGraphics", "VectorGraphics\VectorGraphics.csproj", "{1A19A2DC-43DB-47B4-811A-08130D6F839C}"
EndProject
Project("{FAE04EC0-301F-11D3-BF4B-00C04F79EFBC}") = "PixelGraphics", "PixelGraphics\PixelGraphics.csproj", "{FF9E5D98-1901-494C-BB1E-0F393627B322}"
EndProject
Project("{FAE04EC0-301F-11D3-BF4B-00C04F79EFBC}") = "TestPixelGraphics", "TestPixelGraphics\TestPixelGraphics.csproj", "{C45BAC33-3EDC-4FA4-A4B5-7296B425F524}"
EndProject
Project("{FAE04EC0-301F-11D3-BF4B-00C04F79EFBC}") = "TestVectorGraphics", "TestVectorGraphics\TestVectorGraphics.csproj", "{371E3A7A-F96A-4E51-8EED-84AEEF64DCBC}"
EndProject
Global
	GlobalSection(SolutionConfigurationPlatforms) = preSolution
		Debug|Any CPU = Debug|Any CPU
		Release|Any CPU = Release|Any CPU
	EndGlobalSection
	GlobalSection(ProjectConfigurationPlatforms) = postSolution
		{AE917B55-0666-431C-8F19-F7158AFD5C73}.Debug|Any CPU.ActiveCfg = Debug|Any CPU
		{AE917B55-0666-431C-8F19-F7158AFD5C73}.Debug|Any CPU.Build.0 = Debug|Any CPU
		{AE917B55-0666-431C-8F19-F7158AFD5C73}.Release|Any CPU.ActiveCfg = Release|Any CPU
		{AE917B55-0666-431C-8F19-F7158AFD5C73}.Release|Any CPU.Build.0 = Release|Any CPU
		{1A19A2DC-43DB-47B4-811A-08130D6F839C}.Debug|Any CPU.ActiveCfg = Debug|Any CPU
		{1A19A2DC-43DB-47B4-811A-08130D6F839C}.Debug|Any CPU.Build.0 = Debug|Any CPU
		{1A19A2DC-43DB-47B4-811A-08130D6F839C}.Release|Any CPU.ActiveCfg = Release|Any CPU
		{1A19A2DC-43DB-47B4-811A-08130D6F839C}.Release|Any CPU.Build.0 = Release|Any CPU
		{FF9E5D98-1901-494C-BB1E-0F393627B322}.Debug|Any CPU.ActiveCfg = Debug|Any CPU
		{FF9E5D98-1901-494C-BB1E-0F393627B322}.Debug|Any CPU.Build.0 = Debug|Any CPU
		{FF9E5D98-1901-494C-BB1E-0F393627B322}.Release|Any CPU.ActiveCfg = Release|Any CPU
		{FF9E5D98-1901-494C-BB1E-0F393627B322}.Release|Any CPU.Build.0 = Release|Any CPU
		{C45BAC33-3EDC-4FA4-A4B5-7296B425F524}.Debug|Any CPU.ActiveCfg = Debug|Any CPU
		{C45BAC33-3EDC-4FA4-A4B5-7296B425F524}.Debug|Any CPU.Build.0 = Debug|Any CPU
		{C45BAC33-3EDC-4FA4-A4B5-7296B425F524}.Release|Any CPU.ActiveCfg = Release|Any CPU
		{C45BAC33-3EDC-4FA4-A4B5-7296B425F524}.Release|Any CPU.Build.0 = Release|Any CPU
		{371E3A7A-F96A-4E51-8EED-84AEEF64DCBC}.Debug|Any CPU.ActiveCfg = Debug|Any CPU
		{371E3A7A-F96A-4E51-8EED-84AEEF64DCBC}.Debug|Any CPU.Build.0 = Debug|Any CPU
		{371E3A7A-F96A-4E51-8EED-84AEEF64DCBC}.Release|Any CPU.ActiveCfg = Release|Any CPU
		{371E3A7A-F96A-4E51-8EED-84AEEF64DCBC}.Release|Any CPU.Build.0 = Release|Any CPU
	EndGlobalSection
	GlobalSection(SolutionProperties) = preSolution
		HideSolutionNode = FALSE
	EndGlobalSection
	GlobalSection(ExtensibilityGlobals) = postSolution
		SolutionGuid = {72BC8219-EE7F-459A-BBC0-0C5DD7E93DDD}
	EndGlobalSection
EndGlobal
